
Microsoft Visual Studio Solution File, Format Version 12.00
# Visual Studio Version 16
VisualStudioVersion = 16.0.30114.105
MinimumVisualStudioVersion = 10.0.40219.1
Project("{FAE04EC0-301F-11D3-BF4B-00C04F79EFBC}") = "feraltweaks", "feraltweaks\feraltweaks.csproj", "{E4BE6892-270D-4F7D-BE84-52CD15F6C9FC}"
EndProject
Project("{FAE04EC0-301F-11D3-BF4B-00C04F79EFBC}") = "feraltweaks-bootstrap", "feraltweaks-bootstrap\feraltweaks-bootstrap.csproj", "{068294A2-1650-4399-A64D-2DE4ED459943}"
EndProject
Global
	GlobalSection(SolutionConfigurationPlatforms) = preSolution
		Debug|Any CPU = Debug|Any CPU
		Release|Any CPU = Release|Any CPU
	EndGlobalSection
	GlobalSection(SolutionProperties) = preSolution
		HideSolutionNode = FALSE
	EndGlobalSection
	GlobalSection(ProjectConfigurationPlatforms) = postSolution
		{E4BE6892-270D-4F7D-BE84-52CD15F6C9FC}.Debug|Any CPU.ActiveCfg = Debug|Any CPU
		{E4BE6892-270D-4F7D-BE84-52CD15F6C9FC}.Debug|Any CPU.Build.0 = Debug|Any CPU
		{E4BE6892-270D-4F7D-BE84-52CD15F6C9FC}.Release|Any CPU.ActiveCfg = Release|Any CPU
		{E4BE6892-270D-4F7D-BE84-52CD15F6C9FC}.Release|Any CPU.Build.0 = Release|Any CPU
		{068294A2-1650-4399-A64D-2DE4ED459943}.Debug|Any CPU.ActiveCfg = Debug|Any CPU
		{068294A2-1650-4399-A64D-2DE4ED459943}.Debug|Any CPU.Build.0 = Debug|Any CPU
		{068294A2-1650-4399-A64D-2DE4ED459943}.Release|Any CPU.ActiveCfg = Release|Any CPU
		{068294A2-1650-4399-A64D-2DE4ED459943}.Release|Any CPU.Build.0 = Release|Any CPU
	EndGlobalSection
EndGlobal
