
Microsoft Visual Studio Solution File, Format Version 12.00
# Visual Studio Version 16
VisualStudioVersion = 16.0.32510.428
MinimumVisualStudioVersion = 10.0.40219.1
Project("{FAE04EC0-301F-11D3-BF4B-00C04F79EFBC}") = "CenturiaSelfExtractingInstaller", "CenturiaSelfExtractingInstaller\CenturiaSelfExtractingInstaller.csproj", "{E1FE378A-EA57-420C-B581-1873FF9ADE50}"
EndProject
Global
	GlobalSection(SolutionConfigurationPlatforms) = preSolution
		Debug|Any CPU = Debug|Any CPU
		Release|Any CPU = Release|Any CPU
	EndGlobalSection
	GlobalSection(ProjectConfigurationPlatforms) = postSolution
		{E1FE378A-EA57-420C-B581-1873FF9ADE50}.Debug|Any CPU.ActiveCfg = Debug|Any CPU
		{E1FE378A-EA57-420C-B581-1873FF9ADE50}.Debug|Any CPU.Build.0 = Debug|Any CPU
		{E1FE378A-EA57-420C-B581-1873FF9ADE50}.Release|Any CPU.ActiveCfg = Release|Any CPU
		{E1FE378A-EA57-420C-B581-1873FF9ADE50}.Release|Any CPU.Build.0 = Release|Any CPU
	EndGlobalSection
	GlobalSection(SolutionProperties) = preSolution
		HideSolutionNode = FALSE
	EndGlobalSection
	GlobalSection(ExtensibilityGlobals) = postSolution
		SolutionGuid = {862AD5E5-DE0E-4EEE-A621-301CFADF92B5}
	EndGlobalSection
EndGlobal
